
Microsoft Visual Studio Solution File, Format Version 12.00
# Visual Studio 2012
Project("{FAE04EC0-301F-11D3-BF4B-00C04F79EFBC}") = "nurl", "nurl\nurl.csproj", "{BB4150B4-65C5-40CB-B760-6578F0A617A3}"
EndProject
Project("{FAE04EC0-301F-11D3-BF4B-00C04F79EFBC}") = "nurlTests", "nurlTests\nurlTests.csproj", "{A7A517E7-5CBD-435E-9BC5-7A1EB973D0EB}"
EndProject
Global
	GlobalSection(SolutionConfigurationPlatforms) = preSolution
		Debug|Any CPU = Debug|Any CPU
		Release|Any CPU = Release|Any CPU
	EndGlobalSection
	GlobalSection(ProjectConfigurationPlatforms) = postSolution
		{BB4150B4-65C5-40CB-B760-6578F0A617A3}.Debug|Any CPU.ActiveCfg = Debug|Any CPU
		{BB4150B4-65C5-40CB-B760-6578F0A617A3}.Debug|Any CPU.Build.0 = Debug|Any CPU
		{BB4150B4-65C5-40CB-B760-6578F0A617A3}.Release|Any CPU.ActiveCfg = Release|Any CPU
		{BB4150B4-65C5-40CB-B760-6578F0A617A3}.Release|Any CPU.Build.0 = Release|Any CPU
		{A7A517E7-5CBD-435E-9BC5-7A1EB973D0EB}.Debug|Any CPU.ActiveCfg = Debug|Any CPU
		{A7A517E7-5CBD-435E-9BC5-7A1EB973D0EB}.Debug|Any CPU.Build.0 = Debug|Any CPU
		{A7A517E7-5CBD-435E-9BC5-7A1EB973D0EB}.Release|Any CPU.ActiveCfg = Release|Any CPU
		{A7A517E7-5CBD-435E-9BC5-7A1EB973D0EB}.Release|Any CPU.Build.0 = Release|Any CPU
	EndGlobalSection
	GlobalSection(SolutionProperties) = preSolution
		HideSolutionNode = FALSE
	EndGlobalSection
EndGlobal
